
Microsoft Visual Studio Solution File, Format Version 12.00
# Visual Studio 2012
Project("{FAE04EC0-301F-11D3-BF4B-00C04F79EFBC}") = "Blackport.Repository", "Repository\Blackport.Repository.csproj", "{FBAE260D-A078-4898-8B0F-64755C4E6DF8}"
EndProject
Project("{FAE04EC0-301F-11D3-BF4B-00C04F79EFBC}") = "Blackport.Test.Data", "Blackport.Repository.Test\Blackport.Test.Data.csproj", "{92E4993C-E41D-4D86-88C3-12F6122E85A3}"
EndProject
Project("{2150E333-8FDC-42A3-9474-1A3956D46DE8}") = "Data Layer", "Data Layer", "{D46C11A3-7A8F-4649-A0B2-BAEFB8761351}"
EndProject
Project("{2150E333-8FDC-42A3-9474-1A3956D46DE8}") = "Data Models", "Data Models", "{317E9739-CE29-4F41-94DD-F67F7A1E9E41}"
EndProject
Project("{2150E333-8FDC-42A3-9474-1A3956D46DE8}") = "Repositorys", "Repositorys", "{5B4991A9-2861-4A3B-865B-C3FCF8753567}"
EndProject
Project("{2150E333-8FDC-42A3-9474-1A3956D46DE8}") = "Unit Tests", "Unit Tests", "{C62BBEDF-35F2-4C0E-875E-635223463D8E}"
EndProject
Project("{2150E333-8FDC-42A3-9474-1A3956D46DE8}") = "Infrastructure", "Infrastructure", "{8C55E635-4CF1-407A-A88D-F7C97C1A48D0}"
EndProject
Project("{FAE04EC0-301F-11D3-BF4B-00C04F79EFBC}") = "Blackport.Infrastructure", "Blackport.Infrastructure\Blackport.Infrastructure.csproj", "{1DD12AFE-1FD6-485B-91E0-272818A53106}"
EndProject
Project("{FAE04EC0-301F-11D3-BF4B-00C04F79EFBC}") = "Generic.Infrastrcture", "Generics.Infrastrcture\Generic.Infrastrcture.csproj", "{DFA0E480-84A0-45DE-984B-ACA853D86C6F}"
EndProject
Project("{2150E333-8FDC-42A3-9474-1A3956D46DE8}") = "Web", "Web", "{91874561-4592-4B3A-B792-6B3D95D76BCC}"
EndProject
Project("{FAE04EC0-301F-11D3-BF4B-00C04F79EFBC}") = "Blackport.Web", "Blackport.Web\Blackport.Web.csproj", "{D2C393F8-73CB-4211-B370-6239E18631E6}"
EndProject
Project("{FAE04EC0-301F-11D3-BF4B-00C04F79EFBC}") = "Blackport.Test.Web", "Blackport.Test.Web2\Blackport.Test.Web.csproj", "{23CCF4D0-D5C9-4BAB-BB42-354B2E8323C1}"
EndProject
Project("{2150E333-8FDC-42A3-9474-1A3956D46DE8}") = "Mobile", "Mobile", "{DCA49A3C-3E6D-4643-91E0-E2A00D809675}"
EndProject
Project("{FAE04EC0-301F-11D3-BF4B-00C04F79EFBC}") = "Blackport.Mobile", "Blackport.Mobile\Blackport.Mobile.csproj", "{6E1EFFC4-B0CA-4A06-BFB4-EB5887B4E9BB}"
EndProject
Project("{2150E333-8FDC-42A3-9474-1A3956D46DE8}") = "Metro", "Metro", "{D4C54CD6-8418-452E-8C74-407F0C6916A3}"
EndProject
Project("{262852C6-CD72-467D-83FE-5EEB1973A190}") = "Blackport.Metro", "Blackport.Metro\Blackport.Metro.jsproj", "{97CFE99F-C8C0-4057-B327-6EDA53EB783D}"
EndProject
Project("{FAE04EC0-301F-11D3-BF4B-00C04F79EFBC}") = "Blackport.Test.Mobile", "Blackport.Test.Mobile\Blackport.Test.Mobile.csproj", "{C2433ECC-A07B-4105-AB67-5BCE6C93774F}"
EndProject
Project("{2150E333-8FDC-42A3-9474-1A3956D46DE8}") = "Service", "Service", "{F524CE59-7C4D-4172-9889-72D5C3B37B65}"
EndProject
Project("{2150E333-8FDC-42A3-9474-1A3956D46DE8}") = "Model", "Model", "{2B58A63C-3920-460C-B3AC-B04F8CF9FFF4}"
EndProject
Project("{FAE04EC0-301F-11D3-BF4B-00C04F79EFBC}") = "Blackport.BusinessModel", "Blackport.BusinessModel\Blackport.BusinessModel.csproj", "{A70D1BA5-265B-41C8-99E9-FA35262C2C66}"
EndProject
Project("{FAE04EC0-301F-11D3-BF4B-00C04F79EFBC}") = "Blackport.ORM.Model.CF", "Blackport.ORM.Model.CF\Blackport.ORM.Model.CF.csproj", "{9F2FCECF-ED87-475C-AD4A-6D35EF59E2FA}"
EndProject
Project("{2150E333-8FDC-42A3-9474-1A3956D46DE8}") = "Database", "Database", "{B3358B76-6694-455F-84B1-A826591E3065}"
EndProject
Global
	GlobalSection(SolutionConfigurationPlatforms) = preSolution
		Debug|Any CPU = Debug|Any CPU
		Debug|ARM = Debug|ARM
		Debug|x64 = Debug|x64
		Debug|x86 = Debug|x86
		Release|Any CPU = Release|Any CPU
		Release|ARM = Release|ARM
		Release|x64 = Release|x64
		Release|x86 = Release|x86
	EndGlobalSection
	GlobalSection(ProjectConfigurationPlatforms) = postSolution
		{FBAE260D-A078-4898-8B0F-64755C4E6DF8}.Debug|Any CPU.ActiveCfg = Debug|Any CPU
		{FBAE260D-A078-4898-8B0F-64755C4E6DF8}.Debug|Any CPU.Build.0 = Debug|Any CPU
		{FBAE260D-A078-4898-8B0F-64755C4E6DF8}.Debug|ARM.ActiveCfg = Debug|Any CPU
		{FBAE260D-A078-4898-8B0F-64755C4E6DF8}.Debug|x64.ActiveCfg = Debug|Any CPU
		{FBAE260D-A078-4898-8B0F-64755C4E6DF8}.Debug|x86.ActiveCfg = Debug|Any CPU
		{FBAE260D-A078-4898-8B0F-64755C4E6DF8}.Release|Any CPU.ActiveCfg = Release|Any CPU
		{FBAE260D-A078-4898-8B0F-64755C4E6DF8}.Release|Any CPU.Build.0 = Release|Any CPU
		{FBAE260D-A078-4898-8B0F-64755C4E6DF8}.Release|ARM.ActiveCfg = Release|Any CPU
		{FBAE260D-A078-4898-8B0F-64755C4E6DF8}.Release|x64.ActiveCfg = Release|Any CPU
		{FBAE260D-A078-4898-8B0F-64755C4E6DF8}.Release|x86.ActiveCfg = Release|Any CPU
		{92E4993C-E41D-4D86-88C3-12F6122E85A3}.Debug|Any CPU.ActiveCfg = Debug|Any CPU
		{92E4993C-E41D-4D86-88C3-12F6122E85A3}.Debug|Any CPU.Build.0 = Debug|Any CPU
		{92E4993C-E41D-4D86-88C3-12F6122E85A3}.Debug|ARM.ActiveCfg = Debug|Any CPU
		{92E4993C-E41D-4D86-88C3-12F6122E85A3}.Debug|x64.ActiveCfg = Debug|Any CPU
		{92E4993C-E41D-4D86-88C3-12F6122E85A3}.Debug|x86.ActiveCfg = Debug|Any CPU
		{92E4993C-E41D-4D86-88C3-12F6122E85A3}.Release|Any CPU.ActiveCfg = Release|Any CPU
		{92E4993C-E41D-4D86-88C3-12F6122E85A3}.Release|Any CPU.Build.0 = Release|Any CPU
		{92E4993C-E41D-4D86-88C3-12F6122E85A3}.Release|ARM.ActiveCfg = Release|Any CPU
		{92E4993C-E41D-4D86-88C3-12F6122E85A3}.Release|x64.ActiveCfg = Release|Any CPU
		{92E4993C-E41D-4D86-88C3-12F6122E85A3}.Release|x86.ActiveCfg = Release|Any CPU
		{1DD12AFE-1FD6-485B-91E0-272818A53106}.Debug|Any CPU.ActiveCfg = Debug|Any CPU
		{1DD12AFE-1FD6-485B-91E0-272818A53106}.Debug|Any CPU.Build.0 = Debug|Any CPU
		{1DD12AFE-1FD6-485B-91E0-272818A53106}.Debug|ARM.ActiveCfg = Debug|Any CPU
		{1DD12AFE-1FD6-485B-91E0-272818A53106}.Debug|x64.ActiveCfg = Debug|Any CPU
		{1DD12AFE-1FD6-485B-91E0-272818A53106}.Debug|x86.ActiveCfg = Debug|Any CPU
		{1DD12AFE-1FD6-485B-91E0-272818A53106}.Release|Any CPU.ActiveCfg = Release|Any CPU
		{1DD12AFE-1FD6-485B-91E0-272818A53106}.Release|Any CPU.Build.0 = Release|Any CPU
		{1DD12AFE-1FD6-485B-91E0-272818A53106}.Release|ARM.ActiveCfg = Release|Any CPU
		{1DD12AFE-1FD6-485B-91E0-272818A53106}.Release|x64.ActiveCfg = Release|Any CPU
		{1DD12AFE-1FD6-485B-91E0-272818A53106}.Release|x86.ActiveCfg = Release|Any CPU
		{DFA0E480-84A0-45DE-984B-ACA853D86C6F}.Debug|Any CPU.ActiveCfg = Debug|Any CPU
		{DFA0E480-84A0-45DE-984B-ACA853D86C6F}.Debug|Any CPU.Build.0 = Debug|Any CPU
		{DFA0E480-84A0-45DE-984B-ACA853D86C6F}.Debug|ARM.ActiveCfg = Debug|Any CPU
		{DFA0E480-84A0-45DE-984B-ACA853D86C6F}.Debug|x64.ActiveCfg = Debug|Any CPU
		{DFA0E480-84A0-45DE-984B-ACA853D86C6F}.Debug|x86.ActiveCfg = Debug|Any CPU
		{DFA0E480-84A0-45DE-984B-ACA853D86C6F}.Release|Any CPU.ActiveCfg = Release|Any CPU
		{DFA0E480-84A0-45DE-984B-ACA853D86C6F}.Release|Any CPU.Build.0 = Release|Any CPU
		{DFA0E480-84A0-45DE-984B-ACA853D86C6F}.Release|ARM.ActiveCfg = Release|Any CPU
		{DFA0E480-84A0-45DE-984B-ACA853D86C6F}.Release|x64.ActiveCfg = Release|Any CPU
		{DFA0E480-84A0-45DE-984B-ACA853D86C6F}.Release|x86.ActiveCfg = Release|Any CPU
		{D2C393F8-73CB-4211-B370-6239E18631E6}.Debug|Any CPU.ActiveCfg = Debug|Any CPU
		{D2C393F8-73CB-4211-B370-6239E18631E6}.Debug|Any CPU.Build.0 = Debug|Any CPU
		{D2C393F8-73CB-4211-B370-6239E18631E6}.Debug|ARM.ActiveCfg = Debug|Any CPU
		{D2C393F8-73CB-4211-B370-6239E18631E6}.Debug|x64.ActiveCfg = Debug|Any CPU
		{D2C393F8-73CB-4211-B370-6239E18631E6}.Debug|x86.ActiveCfg = Debug|Any CPU
		{D2C393F8-73CB-4211-B370-6239E18631E6}.Release|Any CPU.ActiveCfg = Release|Any CPU
		{D2C393F8-73CB-4211-B370-6239E18631E6}.Release|Any CPU.Build.0 = Release|Any CPU
		{D2C393F8-73CB-4211-B370-6239E18631E6}.Release|ARM.ActiveCfg = Release|Any CPU
		{D2C393F8-73CB-4211-B370-6239E18631E6}.Release|x64.ActiveCfg = Release|Any CPU
		{D2C393F8-73CB-4211-B370-6239E18631E6}.Release|x86.ActiveCfg = Release|Any CPU
		{23CCF4D0-D5C9-4BAB-BB42-354B2E8323C1}.Debug|Any CPU.ActiveCfg = Debug|Any CPU
		{23CCF4D0-D5C9-4BAB-BB42-354B2E8323C1}.Debug|Any CPU.Build.0 = Debug|Any CPU
		{23CCF4D0-D5C9-4BAB-BB42-354B2E8323C1}.Debug|ARM.ActiveCfg = Debug|Any CPU
		{23CCF4D0-D5C9-4BAB-BB42-354B2E8323C1}.Debug|x64.ActiveCfg = Debug|Any CPU
		{23CCF4D0-D5C9-4BAB-BB42-354B2E8323C1}.Debug|x86.ActiveCfg = Debug|Any CPU
		{23CCF4D0-D5C9-4BAB-BB42-354B2E8323C1}.Release|Any CPU.ActiveCfg = Release|Any CPU
		{23CCF4D0-D5C9-4BAB-BB42-354B2E8323C1}.Release|Any CPU.Build.0 = Release|Any CPU
		{23CCF4D0-D5C9-4BAB-BB42-354B2E8323C1}.Release|ARM.ActiveCfg = Release|Any CPU
		{23CCF4D0-D5C9-4BAB-BB42-354B2E8323C1}.Release|x64.ActiveCfg = Release|Any CPU
		{23CCF4D0-D5C9-4BAB-BB42-354B2E8323C1}.Release|x86.ActiveCfg = Release|Any CPU
		{6E1EFFC4-B0CA-4A06-BFB4-EB5887B4E9BB}.Debug|Any CPU.ActiveCfg = Debug|Any CPU
		{6E1EFFC4-B0CA-4A06-BFB4-EB5887B4E9BB}.Debug|Any CPU.Build.0 = Debug|Any CPU
		{6E1EFFC4-B0CA-4A06-BFB4-EB5887B4E9BB}.Debug|Any CPU.Deploy.0 = Debug|Any CPU
		{6E1EFFC4-B0CA-4A06-BFB4-EB5887B4E9BB}.Debug|ARM.ActiveCfg = Debug|ARM
		{6E1EFFC4-B0CA-4A06-BFB4-EB5887B4E9BB}.Debug|ARM.Build.0 = Debug|ARM
		{6E1EFFC4-B0CA-4A06-BFB4-EB5887B4E9BB}.Debug|ARM.Deploy.0 = Debug|ARM
		{6E1EFFC4-B0CA-4A06-BFB4-EB5887B4E9BB}.Debug|x64.ActiveCfg = Debug|Any CPU
		{6E1EFFC4-B0CA-4A06-BFB4-EB5887B4E9BB}.Debug|x86.ActiveCfg = Debug|x86
		{6E1EFFC4-B0CA-4A06-BFB4-EB5887B4E9BB}.Debug|x86.Build.0 = Debug|x86
		{6E1EFFC4-B0CA-4A06-BFB4-EB5887B4E9BB}.Debug|x86.Deploy.0 = Debug|x86
		{6E1EFFC4-B0CA-4A06-BFB4-EB5887B4E9BB}.Release|Any CPU.ActiveCfg = Release|Any CPU
		{6E1EFFC4-B0CA-4A06-BFB4-EB5887B4E9BB}.Release|Any CPU.Build.0 = Release|Any CPU
		{6E1EFFC4-B0CA-4A06-BFB4-EB5887B4E9BB}.Release|Any CPU.Deploy.0 = Release|Any CPU
		{6E1EFFC4-B0CA-4A06-BFB4-EB5887B4E9BB}.Release|ARM.ActiveCfg = Release|ARM
		{6E1EFFC4-B0CA-4A06-BFB4-EB5887B4E9BB}.Release|ARM.Build.0 = Release|ARM
		{6E1EFFC4-B0CA-4A06-BFB4-EB5887B4E9BB}.Release|ARM.Deploy.0 = Release|ARM
		{6E1EFFC4-B0CA-4A06-BFB4-EB5887B4E9BB}.Release|x64.ActiveCfg = Release|Any CPU
		{6E1EFFC4-B0CA-4A06-BFB4-EB5887B4E9BB}.Release|x86.ActiveCfg = Release|x86
		{6E1EFFC4-B0CA-4A06-BFB4-EB5887B4E9BB}.Release|x86.Build.0 = Release|x86
		{6E1EFFC4-B0CA-4A06-BFB4-EB5887B4E9BB}.Release|x86.Deploy.0 = Release|x86
		{97CFE99F-C8C0-4057-B327-6EDA53EB783D}.Debug|Any CPU.ActiveCfg = Debug|Any CPU
		{97CFE99F-C8C0-4057-B327-6EDA53EB783D}.Debug|Any CPU.Build.0 = Debug|Any CPU
		{97CFE99F-C8C0-4057-B327-6EDA53EB783D}.Debug|Any CPU.Deploy.0 = Debug|Any CPU
		{97CFE99F-C8C0-4057-B327-6EDA53EB783D}.Debug|ARM.ActiveCfg = Debug|ARM
		{97CFE99F-C8C0-4057-B327-6EDA53EB783D}.Debug|ARM.Build.0 = Debug|ARM
		{97CFE99F-C8C0-4057-B327-6EDA53EB783D}.Debug|ARM.Deploy.0 = Debug|ARM
		{97CFE99F-C8C0-4057-B327-6EDA53EB783D}.Debug|x64.ActiveCfg = Debug|x64
		{97CFE99F-C8C0-4057-B327-6EDA53EB783D}.Debug|x64.Build.0 = Debug|x64
		{97CFE99F-C8C0-4057-B327-6EDA53EB783D}.Debug|x64.Deploy.0 = Debug|x64
		{97CFE99F-C8C0-4057-B327-6EDA53EB783D}.Debug|x86.ActiveCfg = Debug|x86
		{97CFE99F-C8C0-4057-B327-6EDA53EB783D}.Debug|x86.Build.0 = Debug|x86
		{97CFE99F-C8C0-4057-B327-6EDA53EB783D}.Debug|x86.Deploy.0 = Debug|x86
		{97CFE99F-C8C0-4057-B327-6EDA53EB783D}.Release|Any CPU.ActiveCfg = Release|Any CPU
		{97CFE99F-C8C0-4057-B327-6EDA53EB783D}.Release|Any CPU.Build.0 = Release|Any CPU
		{97CFE99F-C8C0-4057-B327-6EDA53EB783D}.Release|Any CPU.Deploy.0 = Release|Any CPU
		{97CFE99F-C8C0-4057-B327-6EDA53EB783D}.Release|ARM.ActiveCfg = Release|ARM
		{97CFE99F-C8C0-4057-B327-6EDA53EB783D}.Release|ARM.Build.0 = Release|ARM
		{97CFE99F-C8C0-4057-B327-6EDA53EB783D}.Release|ARM.Deploy.0 = Release|ARM
		{97CFE99F-C8C0-4057-B327-6EDA53EB783D}.Release|x64.ActiveCfg = Release|x64
		{97CFE99F-C8C0-4057-B327-6EDA53EB783D}.Release|x64.Build.0 = Release|x64
		{97CFE99F-C8C0-4057-B327-6EDA53EB783D}.Release|x64.Deploy.0 = Release|x64
		{97CFE99F-C8C0-4057-B327-6EDA53EB783D}.Release|x86.ActiveCfg = Release|x86
		{97CFE99F-C8C0-4057-B327-6EDA53EB783D}.Release|x86.Build.0 = Release|x86
		{97CFE99F-C8C0-4057-B327-6EDA53EB783D}.Release|x86.Deploy.0 = Release|x86
		{C2433ECC-A07B-4105-AB67-5BCE6C93774F}.Debug|Any CPU.ActiveCfg = Debug|Any CPU
		{C2433ECC-A07B-4105-AB67-5BCE6C93774F}.Debug|Any CPU.Build.0 = Debug|Any CPU
		{C2433ECC-A07B-4105-AB67-5BCE6C93774F}.Debug|ARM.ActiveCfg = Debug|Any CPU
		{C2433ECC-A07B-4105-AB67-5BCE6C93774F}.Debug|x64.ActiveCfg = Debug|Any CPU
		{C2433ECC-A07B-4105-AB67-5BCE6C93774F}.Debug|x86.ActiveCfg = Debug|Any CPU
		{C2433ECC-A07B-4105-AB67-5BCE6C93774F}.Release|Any CPU.ActiveCfg = Release|Any CPU
		{C2433ECC-A07B-4105-AB67-5BCE6C93774F}.Release|Any CPU.Build.0 = Release|Any CPU
		{C2433ECC-A07B-4105-AB67-5BCE6C93774F}.Release|ARM.ActiveCfg = Release|Any CPU
		{C2433ECC-A07B-4105-AB67-5BCE6C93774F}.Release|x64.ActiveCfg = Release|Any CPU
		{C2433ECC-A07B-4105-AB67-5BCE6C93774F}.Release|x86.ActiveCfg = Release|Any CPU
		{A70D1BA5-265B-41C8-99E9-FA35262C2C66}.Debug|Any CPU.ActiveCfg = Debug|Any CPU
		{A70D1BA5-265B-41C8-99E9-FA35262C2C66}.Debug|Any CPU.Build.0 = Debug|Any CPU
		{A70D1BA5-265B-41C8-99E9-FA35262C2C66}.Debug|ARM.ActiveCfg = Debug|Any CPU
		{A70D1BA5-265B-41C8-99E9-FA35262C2C66}.Debug|x64.ActiveCfg = Debug|Any CPU
		{A70D1BA5-265B-41C8-99E9-FA35262C2C66}.Debug|x86.ActiveCfg = Debug|Any CPU
		{A70D1BA5-265B-41C8-99E9-FA35262C2C66}.Release|Any CPU.ActiveCfg = Release|Any CPU
		{A70D1BA5-265B-41C8-99E9-FA35262C2C66}.Release|Any CPU.Build.0 = Release|Any CPU
		{A70D1BA5-265B-41C8-99E9-FA35262C2C66}.Release|ARM.ActiveCfg = Release|Any CPU
		{A70D1BA5-265B-41C8-99E9-FA35262C2C66}.Release|x64.ActiveCfg = Release|Any CPU
		{A70D1BA5-265B-41C8-99E9-FA35262C2C66}.Release|x86.ActiveCfg = Release|Any CPU
		{9F2FCECF-ED87-475C-AD4A-6D35EF59E2FA}.Debug|Any CPU.ActiveCfg = Debug|Any CPU
		{9F2FCECF-ED87-475C-AD4A-6D35EF59E2FA}.Debug|Any CPU.Build.0 = Debug|Any CPU
		{9F2FCECF-ED87-475C-AD4A-6D35EF59E2FA}.Debug|ARM.ActiveCfg = Debug|Any CPU
		{9F2FCECF-ED87-475C-AD4A-6D35EF59E2FA}.Debug|x64.ActiveCfg = Debug|Any CPU
		{9F2FCECF-ED87-475C-AD4A-6D35EF59E2FA}.Debug|x86.ActiveCfg = Debug|Any CPU
		{9F2FCECF-ED87-475C-AD4A-6D35EF59E2FA}.Release|Any CPU.ActiveCfg = Release|Any CPU
		{9F2FCECF-ED87-475C-AD4A-6D35EF59E2FA}.Release|Any CPU.Build.0 = Release|Any CPU
		{9F2FCECF-ED87-475C-AD4A-6D35EF59E2FA}.Release|ARM.ActiveCfg = Release|Any CPU
		{9F2FCECF-ED87-475C-AD4A-6D35EF59E2FA}.Release|x64.ActiveCfg = Release|Any CPU
		{9F2FCECF-ED87-475C-AD4A-6D35EF59E2FA}.Release|x86.ActiveCfg = Release|Any CPU
	EndGlobalSection
	GlobalSection(SolutionProperties) = preSolution
		HideSolutionNode = FALSE
	EndGlobalSection
	GlobalSection(NestedProjects) = preSolution
		{317E9739-CE29-4F41-94DD-F67F7A1E9E41} = {D46C11A3-7A8F-4649-A0B2-BAEFB8761351}
		{5B4991A9-2861-4A3B-865B-C3FCF8753567} = {D46C11A3-7A8F-4649-A0B2-BAEFB8761351}
		{B3358B76-6694-455F-84B1-A826591E3065} = {D46C11A3-7A8F-4649-A0B2-BAEFB8761351}
		{9F2FCECF-ED87-475C-AD4A-6D35EF59E2FA} = {317E9739-CE29-4F41-94DD-F67F7A1E9E41}
		{92E4993C-E41D-4D86-88C3-12F6122E85A3} = {C62BBEDF-35F2-4C0E-875E-635223463D8E}
		{23CCF4D0-D5C9-4BAB-BB42-354B2E8323C1} = {C62BBEDF-35F2-4C0E-875E-635223463D8E}
		{C2433ECC-A07B-4105-AB67-5BCE6C93774F} = {C62BBEDF-35F2-4C0E-875E-635223463D8E}
		{FBAE260D-A078-4898-8B0F-64755C4E6DF8} = {5B4991A9-2861-4A3B-865B-C3FCF8753567}
		{1DD12AFE-1FD6-485B-91E0-272818A53106} = {8C55E635-4CF1-407A-A88D-F7C97C1A48D0}
		{DFA0E480-84A0-45DE-984B-ACA853D86C6F} = {8C55E635-4CF1-407A-A88D-F7C97C1A48D0}
		{D2C393F8-73CB-4211-B370-6239E18631E6} = {91874561-4592-4B3A-B792-6B3D95D76BCC}
		{6E1EFFC4-B0CA-4A06-BFB4-EB5887B4E9BB} = {DCA49A3C-3E6D-4643-91E0-E2A00D809675}
		{97CFE99F-C8C0-4057-B327-6EDA53EB783D} = {D4C54CD6-8418-452E-8C74-407F0C6916A3}
		{A70D1BA5-265B-41C8-99E9-FA35262C2C66} = {2B58A63C-3920-460C-B3AC-B04F8CF9FFF4}
	EndGlobalSection
EndGlobal
